{
  "name": "claude-workspace-tool-watcher",
  "version": "0.1.0",
  "lockfileVersion": 3,
  "requires": true,
  "packages": {
    "": {
      "name": "claude-workspace-tool-watcher",
      "version": "0.1.0",
      "dependencies": {
        "ccsniff": "^1.0.17"
      },
      "engines": {
        "node": ">=18"
      }
    },
    "node_modules/ccsniff": {
      "version": "1.0.17",
      "resolved": "https://registry.npmjs.org/ccsniff/-/ccsniff-1.0.17.tgz",
      "integrity": "sha512-3XwPGkHKen0SM7mxnDW4SSlWLXLO0MekTkbAT+VM3EGO7k1y/xajo8AcT6T3Y7wu1z6yUTsO6JXJ6bNcpih27g==",
      "license": "MIT",
      "bin": {
        "ccsniff": "src/cli.js"
      },
      "engines": {
        "node": ">=18"
      }
    }
  }
}
